// !$*UTF8*$!
{
	archiveVersion = 1;
	classes = {
	};
	objectVersion = 46;
	objects = {

/* Begin PBXBuildFile section */
		619AC4CD1DDBF8BB004F8539 /* AppDelegate.swift in Sources */ = {isa = PBXBuildFile; fileRef = 619AC4CC1DDBF8BB004F8539 /* AppDelegate.swift */; };
		619AC4CF1DDBF8BB004F8539 /* ViewController.swift in Sources */ = {isa = PBXBuildFile; fileRef = 619AC4CE1DDBF8BB004F8539 /* ViewController.swift */; };
		619AC4D21DDBF8BB004F8539 /* Main.storyboard in Resources */ = {isa = PBXBuildFile; fileRef = 619AC4D01DDBF8BB004F8539 /* Main.storyboard */; };
		619AC4D51DDBF8BB004F8539 /* Vinylist.xcdatamodeld in Sources */ = {isa = PBXBuildFile; fileRef = 619AC4D31DDBF8BB004F8539 /* Vinylist.xcdatamodeld */; };
		619AC4D71DDBF8BB004F8539 /* Assets.xcassets in Resources */ = {isa = PBXBuildFile; fileRef = 619AC4D61DDBF8BB004F8539 /* Assets.xcassets */; };
		619AC4DA1DDBF8BB004F8539 /* LaunchScreen.storyboard in Resources */ = {isa = PBXBuildFile; fileRef = 619AC4D81DDBF8BB004F8539 /* LaunchScreen.storyboard */; };
/* End PBXBuildFile section */

/* Begin PBXFileReference section */
		619AC4C91DDBF8BB004F8539 /* Vinylist.app */ = {isa = PBXFileReference; explicitFileType = wrapper.application; includeInIndex = 0; path = Vinylist.app; sourceTree = BUILT_PRODUCTS_DIR; };
		619AC4CC1DDBF8BB004F8539 /* AppDelegate.swift */ = {isa = PBXFileReference; lastKnownFileType = sourcecode.swift; path = AppDelegate.swift; sourceTree = "<group>"; };
		619AC4CE1DDBF8BB004F8539 /* ViewController.swift */ = {isa = PBXFileReference; lastKnownFileType = sourcecode.swift; path = ViewController.swift; sourceTree = "<group>"; };
		619AC4D11DDBF8BB004F8539 /* Base */ = {isa = PBXFileReference; lastKnownFileType = file.storyboard; name = Base; path = Base.lproj/Main.storyboard; sourceTree = "<group>"; };
		619AC4D41DDBF8BB004F8539 /* Vinylist.xcdatamodel */ = {isa = PBXFileReference; lastKnownFileType = wrapper.xcdatamodel; path = Vinylist.xcdatamodel; sourceTree = "<group>"; };
		619AC4D61DDBF8BB004F8539 /* Assets.xcassets */ = {isa = PBXFileReference; lastKnownFileType = folder.assetcatalog; path = Assets.xcassets; sourceTree = "<group>"; };
		619AC4D91DDBF8BB004F8539 /* Base */ = {isa = PBXFileReference; lastKnownFileType = file.storyboard; name = Base; path = Base.lproj/LaunchScreen.storyboard; sourceTree = "<group>"; };
		619AC4DB1DDBF8BB004F8539 /* Info.plist */ = {isa = PBXFileReference; lastKnownFileType = text.plist.xml; path = Info.plist; sourceTree = "<group>"; };
/* End PBXFileReference section */

/* Begin PBXFrameworksBuildPhase section */
		619AC4C61DDBF8BB004F8539 /* Frameworks */ = {
			isa = PBXFrameworksBuildPhase;
			buildActionMask = 2147483647;
			files = (
			);
			runOnlyForDeploymentPostprocessing = 0;
		};
/* End PBXFrameworksBuildPhase section */

/* Begin PBXGroup section */
		619AC4C01DDBF8BB004F8539 = {
			isa = PBXGroup;
			children = (
				619AC4CB1DDBF8BB004F8539 /* Vinylist */,
				619AC4CA1DDBF8BB004F8539 /* Products */,
			);
			sourceTree = "<group>";
		};
		619AC4CA1DDBF8BB004F8539 /* Products */ = {
			isa = PBXGroup;
			children = (
				619AC4C91DDBF8BB004F8539 /* Vinylist.app */,
			);
			name = Products;
			sourceTree = "<group>";
		};
		619AC4CB1DDBF8BB004F8539 /* Vinylist */ = {
			isa = PBXGroup;
			children = (
				619AC4CC1DDBF8BB004F8539 /* AppDelegate.swift */,
				619AC4CE1DDBF8BB004F8539 /* ViewController.swift */,
				619AC4D01DDBF8BB004F8539 /* Main.storyboard */,
				619AC4D61DDBF8BB004F8539 /* Assets.xcassets */,
				619AC4D81DDBF8BB004F8539 /* LaunchScreen.storyboard */,
				619AC4DB1DDBF8BB004F8539 /* Info.plist */,
				619AC4D31DDBF8BB004F8539 /* Vinylist.xcdatamodeld */,
			);
			path = Vinylist;
			sourceTree = "<group>";
		};
/* End PBXGroup section */

/* Begin PBXNativeTarget section */
		619AC4C81DDBF8BB004F8539 /* Vinylist */ = {
			isa = PBXNativeTarget;
			buildConfigurationList = 619AC4DE1DDBF8BB004F8539 /* Build configuration list for PBXNativeTarget "Vinylist" */;
			buildPhases = (
				619AC4C51DDBF8BB004F8539 /* Sources */,
				619AC4C61DDBF8BB004F8539 /* Frameworks */,
				619AC4C71DDBF8BB004F8539 /* Resources */,
			);
			buildRules = (
			);
			dependencies = (
			);
			name = Vinylist;
			productName = Vinylist;
			productReference = 619AC4C91DDBF8BB004F8539 /* Vinylist.app */;
			productType = "com.apple.product-type.application";
		};
/* End PBXNativeTarget section */

/* Begin PBXProject section */
		619AC4C11DDBF8BB004F8539 /* Project object */ = {
			isa = PBXProject;
			attributes = {
				LastSwiftUpdateCheck = 0800;
				LastUpgradeCheck = 0800;
				ORGANIZATIONNAME = "Zappy Code";
				TargetAttributes = {
					619AC4C81DDBF8BB004F8539 = {
						CreatedOnToolsVersion = 8.0;
						DevelopmentTeam = 9A7MTA3PEZ;
						ProvisioningStyle = Automatic;
					};
				};
			};
			buildConfigurationList = 619AC4C41DDBF8BB004F8539 /* Build configuration list for PBXProject "Vinylist" */;
			compatibilityVersion = "Xcode 3.2";
			developmentRegion = English;
			hasScannedForEncodings = 0;
			knownRegions = (
				en,
				Base,
			);
			mainGroup = 619AC4C01DDBF8BB004F8539;
			productRefGroup = 619AC4CA1DDBF8BB004F8539 /* Products */;
			projectDirPath = "";
			projectRoot = "";
			targets = (
				619AC4C81DDBF8BB004F8539 /* Vinylist */,
			);
		};
/* End PBXProject section */

/* Begin PBXResourcesBuildPhase section */
		619AC4C71DDBF8BB004F8539 /* Resources */ = {
			isa = PBXResourcesBuildPhase;
			buildActionMask = 2147483647;
			files = (
				619AC4DA1DDBF8BB004F8539 /* LaunchScreen.storyboard in Resources */,
				619AC4D71DDBF8BB004F8539 /* Assets.xcassets in Resources */,
				619AC4D21DDBF8BB004F8539 /* Main.storyboard in Resources */,
			);
			runOnlyForDeploymentPostprocessing = 0;
		};
/* End PBXResourcesBuildPhase section */

/* Begin PBXSourcesBuildPhase section */
		619AC4C51DDBF8BB004F8539 /* Sources */ = {
			isa = PBXSourcesBuildPhase;
			buildActionMask = 2147483647;
			files = (
				619AC4CF1DDBF8BB004F8539 /* ViewController.swift in Sources */,
				619AC4CD1DDBF8BB004F8539 /* AppDelegate.swift in Sources */,
				619AC4D51DDBF8BB004F8539 /* Vinylist.xcdatamodeld in Sources */,
			);
			runOnlyForDeploymentPostprocessing = 0;
		};
/* End PBXSourcesBuildPhase section */

/* Begin PBXVariantGroup section */
		619AC4D01DDBF8BB004F8539 /* Main.storyboard */ = {
			isa = PBXVariantGroup;
			children = (
				619AC4D11DDBF8BB004F8539 /* Base */,
			);
			name = Main.storyboard;
			sourceTree = "<group>";
		};
		619AC4D81DDBF8BB004F8539 /* LaunchScreen.storyboard */ = {
			isa = PBXVariantGroup;
			children = (
				619AC4D91DDBF8BB004F8539 /* Base */,
			);
			name = LaunchScreen.storyboard;
			sourceTree = "<group>";
		};
/* End PBXVariantGroup section */

/* Begin XCBuildConfiguration section */
		619AC4DC1DDBF8BB004F8539 /* Debug */ = {
			isa = XCBuildConfiguration;
			buildSettings = {
				ALWAYS_SEARCH_USER_PATHS = NO;
				CLANG_ANALYZER_NONNULL = YES;
				CLANG_CXX_LANGUAGE_STANDARD = "gnu++0x";
				CLANG_CXX_LIBRARY = "libc++";
				CLANG_ENABLE_MODULES = YES;
				CLANG_ENABLE_OBJC_ARC = YES;
				CLANG_WARN_BOOL_CONVERSION = YES;
				CLANG_WARN_CONSTANT_CONVERSION = YES;
				CLANG_WARN_DIRECT_OBJC_ISA_USAGE = YES_ERROR;
				CLANG_WARN_DOCUMENTATION_COMMENTS = YES;
				CLANG_WARN_EMPTY_BODY = YES;
				CLANG_WARN_ENUM_CONVERSION = YES;
				CLANG_WARN_INFINITE_RECURSION = YES;
				CLANG_WARN_INT_CONVERSION = YES;
				CLANG_WARN_OBJC_ROOT_CLASS = YES_ERROR;
				CLANG_WARN_SUSPICIOUS_MOVES = YES;
				CLANG_WARN_UNREACHABLE_CODE = YES;
				CLANG_WARN__DUPLICATE_METHOD_MATCH = YES;
				"CODE_SIGN_IDENTITY[sdk=iphoneos*]" = "iPhone Developer";
				COPY_PHASE_STRIP = NO;
				DEBUG_INFORMATION_FORMAT = dwarf;
				ENABLE_STRICT_OBJC_MSGSEND = YES;
				ENABLE_TESTABILITY = YES;
				GCC_C_LANGUAGE_STANDARD = gnu99;
				GCC_DYNAMIC_NO_PIC = NO;
				GCC_NO_COMMON_BLOCKS = YES;
				GCC_OPTIMIZATION_LEVEL = 0;
				GCC_PREPROCESSOR_DEFINITIONS = (
					"DEBUG=1",
					"$(inherited)",
				);
				GCC_WARN_64_TO_32_BIT_CONVERSION = YES;
				GCC_WARN_ABOUT_RETURN_TYPE = YES_ERROR;
				GCC_WARN_UNDECLARED_SELECTOR = YES;
				GCC_WARN_UNINITIALIZED_AUTOS = YES_AGGRESSIVE;
				GCC_WARN_UNUSED_FUNCTION = YES;
				GCC_WARN_UNUSED_VARIABLE = YES;
				IPHONEOS_DEPLOYMENT_TARGET = 10.0;
				MTL_ENABLE_DEBUG_INFO = YES;
				ONLY_ACTIVE_ARCH = YES;
				SDKROOT = iphoneos;
				SWIFT_ACTIVE_COMPILATION_CONDITIONS = DEBUG;
				SWIFT_OPTIMIZATION_LEVEL = "-Onone";
				TARGETED_DEVICE_FAMILY = "1,2";
			};
			name = Debug;
		};
		619AC4DD1DDBF8BB004F8539 /* Release */ = {
			isa = XCBuildConfiguration;
			buildSettings = {
				ALWAYS_SEARCH_USER_PATHS = NO;
				CLANG_ANALYZER_NONNULL = YES;
				CLANG_CXX_LANGUAGE_STANDARD = "gnu++0x";
				CLANG_CXX_LIBRARY = "libc++";
				CLANG_ENABLE_MODULES = YES;
				CLANG_ENABLE_OBJC_ARC = YES;
				CLANG_WARN_BOOL_CONVERSION = YES;
				CLANG_WARN_CONSTANT_CONVERSION = YES;
				CLANG_WARN_DIRECT_OBJC_ISA_USAGE = YES_ERROR;
				CLANG_WARN_DOCUMENTATION_COMMENTS = YES;
				CLANG_WARN_EMPTY_BODY = YES;
				CLANG_WARN_ENUM_CONVERSION = YES;
				CLANG_WARN_INFINITE_RECURSION = YES;
				CLANG_WARN_INT_CONVERSION = YES;
				CLANG_WARN_OBJC_ROOT_CLASS = YES_ERROR;
				CLANG_WARN_SUSPICIOUS_MOVES = YES;
				CLANG_WARN_UNREACHABLE_CODE = YES;
				CLANG_WARN__DUPLICATE_METHOD_MATCH = YES;
				"CODE_SIGN_IDENTITY[sdk=iphoneos*]" = "iPhone Developer";
				COPY_PHASE_STRIP = NO;
				DEBUG_INFORMATION_FORMAT = "dwarf-with-dsym";
				ENABLE_NS_ASSERTIONS = NO;
				ENABLE_STRICT_OBJC_MSGSEND = YES;
				GCC_C_LANGUAGE_STANDARD = gnu99;
				GCC_NO_COMMON_BLOCKS = YES;
				GCC_WARN_64_TO_32_BIT_CONVERSION = YES;
				GCC_WARN_ABOUT_RETURN_TYPE = YES_ERROR;
				GCC_WARN_UNDECLARED_SELECTOR = YES;
				GCC_WARN_UNINITIALIZED_AUTOS = YES_AGGRESSIVE;
				GCC_WARN_UNUSED_FUNCTION = YES;
				GCC_WARN_UNUSED_VARIABLE = YES;
				IPHONEOS_DEPLOYMENT_TARGET = 10.0;
				MTL_ENABLE_DEBUG_INFO = NO;
				SDKROOT = iphoneos;
				SWIFT_OPTIMIZATION_LEVEL = "-Owholemodule";
				TARGETED_DEVICE_FAMILY = "1,2";
				VALIDATE_PRODUCT = YES;
			};
			name = Release;
		};
		619AC4DF1DDBF8BB004F8539 /* Debug */ = {
			isa = XCBuildConfiguration;
			buildSettings = {
				ASSETCATALOG_COMPILER_APPICON_NAME = AppIcon;
				DEVELOPMENT_TEAM = 9A7MTA3PEZ;
				INFOPLIST_FILE = Vinylist/Info.plist;
				LD_RUNPATH_SEARCH_PATHS = "$(inherited) @executable_path/Frameworks";
				PRODUCT_BUNDLE_IDENTIFIER = com.zappyCode.Vinylist;
				PRODUCT_NAME = "$(TARGET_NAME)";
				SWIFT_VERSION = 3.0;
			};
			name = Debug;
		};
		619AC4E01DDBF8BB004F8539 /* Release */ = {
			isa = XCBuildConfiguration;
			buildSettings = {
				ASSETCATALOG_COMPILER_APPICON_NAME = AppIcon;
				DEVELOPMENT_TEAM = 9A7MTA3PEZ;
				INFOPLIST_FILE = Vinylist/Info.plist;
				LD_RUNPATH_SEARCH_PATHS = "$(inherited) @executable_path/Frameworks";
				PRODUCT_BUNDLE_IDENTIFIER = com.zappyCode.Vinylist;
				PRODUCT_NAME = "$(TARGET_NAME)";
				SWIFT_VERSION = 3.0;
			};
			name = Release;
		};
/* End XCBuildConfiguration section */

/* Begin XCConfigurationList section */
		619AC4C41DDBF8BB004F8539 /* Build configuration list for PBXProject "Vinylist" */ = {
			isa = XCConfigurationList;
			buildConfigurations = (
				619AC4DC1DDBF8BB004F8539 /* Debug */,
				619AC4DD1DDBF8BB004F8539 /* Release */,
			);
			defaultConfigurationIsVisible = 0;
			defaultConfigurationName = Release;
		};
		619AC4DE1DDBF8BB004F8539 /* Build configuration list for PBXNativeTarget "Vinylist" */ = {
			isa = XCConfigurationList;
			buildConfigurations = (
				619AC4DF1DDBF8BB004F8539 /* Debug */,
				619AC4E01DDBF8BB004F8539 /* Release */,
			);
			defaultConfigurationIsVisible = 0;
		};
/* End XCConfigurationList section */

/* Begin XCVersionGroup section */
		619AC4D31DDBF8BB004F8539 /* Vinylist.xcdatamodeld */ = {
			isa = XCVersionGroup;
			children = (
				619AC4D41DDBF8BB004F8539 /* Vinylist.xcdatamodel */,
			);
			currentVersion = 619AC4D41DDBF8BB004F8539 /* Vinylist.xcdatamodel */;
			path = Vinylist.xcdatamodeld;
			sourceTree = "<group>";
			versionGroupType = wrapper.xcdatamodel;
		};
/* End XCVersionGroup section */
	};
	rootObject = 619AC4C11DDBF8BB004F8539 /* Project object */;
}
